
Microsoft Visual Studio Solution File, Format Version 12.00
# Visual Studio 14
VisualStudioVersion = 14.0.25420.1
MinimumVisualStudioVersion = 10.0.40219.1
Project("{FAE04EC0-301F-11D3-BF4B-00C04F79EFBC}") = "XLBlocks", "XLBlocks\XLBlocks.csproj", "{E0262A5C-C68B-4C65-AC98-DF9E96D54970}"
EndProject
Project("{FAE04EC0-301F-11D3-BF4B-00C04F79EFBC}") = "XLBlocksWeb", "XLBlocksWeb\XLBlocksWeb.csproj", "{7616C4D9-B5CB-40F0-86C6-F6537D821957}"
EndProject
Global
	GlobalSection(SolutionConfigurationPlatforms) = preSolution
		Debug|Any CPU = Debug|Any CPU
		Release|Any CPU = Release|Any CPU
	EndGlobalSection
	GlobalSection(ProjectConfigurationPlatforms) = postSolution
		{E0262A5C-C68B-4C65-AC98-DF9E96D54970}.Debug|Any CPU.ActiveCfg = Debug|Any CPU
		{E0262A5C-C68B-4C65-AC98-DF9E96D54970}.Debug|Any CPU.Build.0 = Debug|Any CPU
		{E0262A5C-C68B-4C65-AC98-DF9E96D54970}.Debug|Any CPU.Deploy.0 = Debug|Any CPU
		{E0262A5C-C68B-4C65-AC98-DF9E96D54970}.Release|Any CPU.ActiveCfg = Release|Any CPU
		{E0262A5C-C68B-4C65-AC98-DF9E96D54970}.Release|Any CPU.Build.0 = Release|Any CPU
		{E0262A5C-C68B-4C65-AC98-DF9E96D54970}.Release|Any CPU.Deploy.0 = Release|Any CPU
		{7616C4D9-B5CB-40F0-86C6-F6537D821957}.Debug|Any CPU.ActiveCfg = Debug|Any CPU
		{7616C4D9-B5CB-40F0-86C6-F6537D821957}.Debug|Any CPU.Build.0 = Debug|Any CPU
		{7616C4D9-B5CB-40F0-86C6-F6537D821957}.Release|Any CPU.ActiveCfg = Release|Any CPU
		{7616C4D9-B5CB-40F0-86C6-F6537D821957}.Release|Any CPU.Build.0 = Release|Any CPU
	EndGlobalSection
	GlobalSection(SolutionProperties) = preSolution
		HideSolutionNode = FALSE
	EndGlobalSection
EndGlobal
